// !$*UTF8*$!
{
	archiveVersion = 1;
	classes = {
	};
	objectVersion = 55;
	objects = {

/* Begin PBXBuildFile section */
		2D5A8C9326DCF870002C7DAF /* lottie_demoApp.swift in Sources */ = {isa = PBXBuildFile; fileRef = 2D5A8C9226DCF870002C7DAF /* lottie_demoApp.swift */; };
		2D5A8C9526DCF870002C7DAF /* ContentView.swift in Sources */ = {isa = PBXBuildFile; fileRef = 2D5A8C9426DCF870002C7DAF /* ContentView.swift */; };
		2D5A8C9726DCF871002C7DAF /* Assets.xcassets in Resources */ = {isa = PBXBuildFile; fileRef = 2D5A8C9626DCF871002C7DAF /* Assets.xcassets */; };
		2D5A8C9A26DCF871002C7DAF /* Preview Assets.xcassets in Resources */ = {isa = PBXBuildFile; fileRef = 2D5A8C9926DCF871002C7DAF /* Preview Assets.xcassets */; };
		2D5A8CA226DCF891002C7DAF /* Lottie in Frameworks */ = {isa = PBXBuildFile; productRef = 2D5A8CA126DCF891002C7DAF /* Lottie */; };
		2D5A8CA426DCF8B2002C7DAF /* LottieView.swift in Sources */ = {isa = PBXBuildFile; fileRef = 2D5A8CA326DCF8B2002C7DAF /* LottieView.swift */; };
		2D5A8CA626DCF8EB002C7DAF /* toasting.json in Resources */ = {isa = PBXBuildFile; fileRef = 2D5A8CA526DCF8EA002C7DAF /* toasting.json */; };
		2D5A8CA826DCF9AA002C7DAF /* blender.json in Resources */ = {isa = PBXBuildFile; fileRef = 2D5A8CA726DCF9AA002C7DAF /* blender.json */; };
/* End PBXBuildFile section */

/* Begin PBXFileReference section */
		2D5A8C8F26DCF870002C7DAF /* lottie demo.app */ = {isa = PBXFileReference; explicitFileType = wrapper.application; includeInIndex = 0; path = "lottie demo.app"; sourceTree = BUILT_PRODUCTS_DIR; };
		2D5A8C9226DCF870002C7DAF /* lottie_demoApp.swift */ = {isa = PBXFileReference; lastKnownFileType = sourcecode.swift; path = lottie_demoApp.swift; sourceTree = "<group>"; };
		2D5A8C9426DCF870002C7DAF /* ContentView.swift */ = {isa = PBXFileReference; lastKnownFileType = sourcecode.swift; path = ContentView.swift; sourceTree = "<group>"; };
		2D5A8C9626DCF871002C7DAF /* Assets.xcassets */ = {isa = PBXFileReference; lastKnownFileType = folder.assetcatalog; path = Assets.xcassets; sourceTree = "<group>"; };
		2D5A8C9926DCF871002C7DAF /* Preview Assets.xcassets */ = {isa = PBXFileReference; lastKnownFileType = folder.assetcatalog; path = "Preview Assets.xcassets"; sourceTree = "<group>"; };
		2D5A8CA326DCF8B2002C7DAF /* LottieView.swift */ = {isa = PBXFileReference; lastKnownFileType = sourcecode.swift; path = LottieView.swift; sourceTree = "<group>"; };
		2D5A8CA526DCF8EA002C7DAF /* toasting.json */ = {isa = PBXFileReference; fileEncoding = 4; lastKnownFileType = text.json; path = toasting.json; sourceTree = "<group>"; };
		2D5A8CA726DCF9AA002C7DAF /* blender.json */ = {isa = PBXFileReference; fileEncoding = 4; lastKnownFileType = text.json; path = blender.json; sourceTree = "<group>"; };
/* End PBXFileReference section */

/* Begin PBXFrameworksBuildPhase section */
		2D5A8C8C26DCF870002C7DAF /* Frameworks */ = {
			isa = PBXFrameworksBuildPhase;
			buildActionMask = 2147483647;
			files = (
				2D5A8CA226DCF891002C7DAF /* Lottie in Frameworks */,
			);
			runOnlyForDeploymentPostprocessing = 0;
		};
/* End PBXFrameworksBuildPhase section */

/* Begin PBXGroup section */
		2D5A8C8626DCF870002C7DAF = {
			isa = PBXGroup;
			children = (
				2D5A8C9126DCF870002C7DAF /* lottie demo */,
				2D5A8C9026DCF870002C7DAF /* Products */,
			);
			sourceTree = "<group>";
		};
		2D5A8C9026DCF870002C7DAF /* Products */ = {
			isa = PBXGroup;
			children = (
				2D5A8C8F26DCF870002C7DAF /* lottie demo.app */,
			);
			name = Products;
			sourceTree = "<group>";
		};
		2D5A8C9126DCF870002C7DAF /* lottie demo */ = {
			isa = PBXGroup;
			children = (
				2D5A8C9226DCF870002C7DAF /* lottie_demoApp.swift */,
				2D5A8C9426DCF870002C7DAF /* ContentView.swift */,
				2D5A8CA326DCF8B2002C7DAF /* LottieView.swift */,
				2D5A8CA726DCF9AA002C7DAF /* blender.json */,
				2D5A8CA526DCF8EA002C7DAF /* toasting.json */,
				2D5A8C9626DCF871002C7DAF /* Assets.xcassets */,
				2D5A8C9826DCF871002C7DAF /* Preview Content */,
			);
			path = "lottie demo";
			sourceTree = "<group>";
		};
		2D5A8C9826DCF871002C7DAF /* Preview Content */ = {
			isa = PBXGroup;
			children = (
				2D5A8C9926DCF871002C7DAF /* Preview Assets.xcassets */,
			);
			path = "Preview Content";
			sourceTree = "<group>";
		};
/* End PBXGroup section */

/* Begin PBXNativeTarget section */
		2D5A8C8E26DCF870002C7DAF /* lottie demo */ = {
			isa = PBXNativeTarget;
			buildConfigurationList = 2D5A8C9D26DCF871002C7DAF /* Build configuration list for PBXNativeTarget "lottie demo" */;
			buildPhases = (
				2D5A8C8B26DCF870002C7DAF /* Sources */,
				2D5A8C8C26DCF870002C7DAF /* Frameworks */,
				2D5A8C8D26DCF870002C7DAF /* Resources */,
				2D68A4D526DE0379008844DF /* ShellScript */,
			);
			buildRules = (
			);
			dependencies = (
			);
			name = "lottie demo";
			packageProductDependencies = (
				2D5A8CA126DCF891002C7DAF /* Lottie */,
			);
			productName = "lottie demo";
			productReference = 2D5A8C8F26DCF870002C7DAF /* lottie demo.app */;
			productType = "com.apple.product-type.application";
		};
/* End PBXNativeTarget section */

/* Begin PBXProject section */
		2D5A8C8726DCF870002C7DAF /* Project object */ = {
			isa = PBXProject;
			attributes = {
				BuildIndependentTargetsInParallel = 1;
				LastSwiftUpdateCheck = 1300;
				LastUpgradeCheck = 1300;
				TargetAttributes = {
					2D5A8C8E26DCF870002C7DAF = {
						CreatedOnToolsVersion = 13.0;
					};
				};
			};
			buildConfigurationList = 2D5A8C8A26DCF870002C7DAF /* Build configuration list for PBXProject "lottie demo" */;
			compatibilityVersion = "Xcode 13.0";
			developmentRegion = en;
			hasScannedForEncodings = 0;
			knownRegions = (
				en,
				Base,
			);
			mainGroup = 2D5A8C8626DCF870002C7DAF;
			packageReferences = (
				2D5A8CA026DCF891002C7DAF /* XCRemoteSwiftPackageReference "lottie-ios" */,
			);
			productRefGroup = 2D5A8C9026DCF870002C7DAF /* Products */;
			projectDirPath = "";
			projectRoot = "";
			targets = (
				2D5A8C8E26DCF870002C7DAF /* lottie demo */,
			);
		};
/* End PBXProject section */

/* Begin PBXResourcesBuildPhase section */
		2D5A8C8D26DCF870002C7DAF /* Resources */ = {
			isa = PBXResourcesBuildPhase;
			buildActionMask = 2147483647;
			files = (
				2D5A8CA826DCF9AA002C7DAF /* blender.json in Resources */,
				2D5A8C9A26DCF871002C7DAF /* Preview Assets.xcassets in Resources */,
				2D5A8CA626DCF8EB002C7DAF /* toasting.json in Resources */,
				2D5A8C9726DCF871002C7DAF /* Assets.xcassets in Resources */,
			);
			runOnlyForDeploymentPostprocessing = 0;
		};
/* End PBXResourcesBuildPhase section */

/* Begin PBXShellScriptBuildPhase section */
		2D68A4D526DE0379008844DF /* ShellScript */ = {
			isa = PBXShellScriptBuildPhase;
			buildActionMask = 2147483647;
			files = (
			);
			inputFileListPaths = (
			);
			inputPaths = (
			);
			outputFileListPaths = (
			);
			outputPaths = (
			);
			runOnlyForDeploymentPostprocessing = 0;
			shellPath = /bin/sh;
			shellScript = "if test -d \"/opt/homebrew/bin/\"; then\n  PATH=\"/opt/homebrew/bin/:${PATH}\"\nfi\n\nexport PATH\n\nif which swiftlint >/dev/null; then\n  swiftlint\nelse\n  echo \"warning: SwiftLint not installed, download from https://github.com/realm/SwiftLint\"\nfi\n";
		};
/* End PBXShellScriptBuildPhase section */

/* Begin PBXSourcesBuildPhase section */
		2D5A8C8B26DCF870002C7DAF /* Sources */ = {
			isa = PBXSourcesBuildPhase;
			buildActionMask = 2147483647;
			files = (
				2D5A8C9526DCF870002C7DAF /* ContentView.swift in Sources */,
				2D5A8C9326DCF870002C7DAF /* lottie_demoApp.swift in Sources */,
				2D5A8CA426DCF8B2002C7DAF /* LottieView.swift in Sources */,
			);
			runOnlyForDeploymentPostprocessing = 0;
		};
/* End PBXSourcesBuildPhase section */

/* Begin XCBuildConfiguration section */
		2D5A8C9B26DCF871002C7DAF /* Debug */ = {
			isa = XCBuildConfiguration;
			buildSettings = {
				ALWAYS_SEARCH_USER_PATHS = NO;
				CLANG_ANALYZER_NONNULL = YES;
				CLANG_ANALYZER_NUMBER_OBJECT_CONVERSION = YES_AGGRESSIVE;
				CLANG_CXX_LANGUAGE_STANDARD = "gnu++17";
				CLANG_CXX_LIBRARY = "libc++";
				CLANG_ENABLE_MODULES = YES;
				CLANG_ENABLE_OBJC_ARC = YES;
				CLANG_ENABLE_OBJC_WEAK = YES;
				CLANG_WARN_BLOCK_CAPTURE_AUTORELEASING = YES;
				CLANG_WARN_BOOL_CONVERSION = YES;
				CLANG_WARN_COMMA = YES;
				CLANG_WARN_CONSTANT_CONVERSION = YES;
				CLANG_WARN_DEPRECATED_OBJC_IMPLEMENTATIONS = YES;
				CLANG_WARN_DIRECT_OBJC_ISA_USAGE = YES_ERROR;
				CLANG_WARN_DOCUMENTATION_COMMENTS = YES;
				CLANG_WARN_EMPTY_BODY = YES;
				CLANG_WARN_ENUM_CONVERSION = YES;
				CLANG_WARN_INFINITE_RECURSION = YES;
				CLANG_WARN_INT_CONVERSION = YES;
				CLANG_WARN_NON_LITERAL_NULL_CONVERSION = YES;
				CLANG_WARN_OBJC_IMPLICIT_RETAIN_SELF = YES;
				CLANG_WARN_OBJC_LITERAL_CONVERSION = YES;
				CLANG_WARN_OBJC_ROOT_CLASS = YES_ERROR;
				CLANG_WARN_QUOTED_INCLUDE_IN_FRAMEWORK_HEADER = YES;
				CLANG_WARN_RANGE_LOOP_ANALYSIS = YES;
				CLANG_WARN_STRICT_PROTOTYPES = YES;
				CLANG_WARN_SUSPICIOUS_MOVE = YES;
				CLANG_WARN_UNGUARDED_AVAILABILITY = YES_AGGRESSIVE;
				CLANG_WARN_UNREACHABLE_CODE = YES;
				CLANG_WARN__DUPLICATE_METHOD_MATCH = YES;
				COPY_PHASE_STRIP = NO;
				DEBUG_INFORMATION_FORMAT = dwarf;
				ENABLE_STRICT_OBJC_MSGSEND = YES;
				ENABLE_TESTABILITY = YES;
				GCC_C_LANGUAGE_STANDARD = gnu11;
				GCC_DYNAMIC_NO_PIC = NO;
				GCC_NO_COMMON_BLOCKS = YES;
				GCC_OPTIMIZATION_LEVEL = 0;
				GCC_PREPROCESSOR_DEFINITIONS = (
					"DEBUG=1",
					"$(inherited)",
				);
				GCC_WARN_64_TO_32_BIT_CONVERSION = YES;
				GCC_WARN_ABOUT_RETURN_TYPE = YES_ERROR;
				GCC_WARN_UNDECLARED_SELECTOR = YES;
				GCC_WARN_UNINITIALIZED_AUTOS = YES_AGGRESSIVE;
				GCC_WARN_UNUSED_FUNCTION = YES;
				GCC_WARN_UNUSED_VARIABLE = YES;
				IPHONEOS_DEPLOYMENT_TARGET = 15.0;
				MTL_ENABLE_DEBUG_INFO = INCLUDE_SOURCE;
				MTL_FAST_MATH = YES;
				ONLY_ACTIVE_ARCH = YES;
				SDKROOT = iphoneos;
				SWIFT_ACTIVE_COMPILATION_CONDITIONS = DEBUG;
				SWIFT_OPTIMIZATION_LEVEL = "-Onone";
			};
			name = Debug;
		};
		2D5A8C9C26DCF871002C7DAF /* Release */ = {
			isa = XCBuildConfiguration;
			buildSettings = {
				ALWAYS_SEARCH_USER_PATHS = NO;
				CLANG_ANALYZER_NONNULL = YES;
				CLANG_ANALYZER_NUMBER_OBJECT_CONVERSION = YES_AGGRESSIVE;
				CLANG_CXX_LANGUAGE_STANDARD = "gnu++17";
				CLANG_CXX_LIBRARY = "libc++";
				CLANG_ENABLE_MODULES = YES;
				CLANG_ENABLE_OBJC_ARC = YES;
				CLANG_ENABLE_OBJC_WEAK = YES;
				CLANG_WARN_BLOCK_CAPTURE_AUTORELEASING = YES;
				CLANG_WARN_BOOL_CONVERSION = YES;
				CLANG_WARN_COMMA = YES;
				CLANG_WARN_CONSTANT_CONVERSION = YES;
				CLANG_WARN_DEPRECATED_OBJC_IMPLEMENTATIONS = YES;
				CLANG_WARN_DIRECT_OBJC_ISA_USAGE = YES_ERROR;
				CLANG_WARN_DOCUMENTATION_COMMENTS = YES;
				CLANG_WARN_EMPTY_BODY = YES;
				CLANG_WARN_ENUM_CONVERSION = YES;
				CLANG_WARN_INFINITE_RECURSION = YES;
				CLANG_WARN_INT_CONVERSION = YES;
				CLANG_WARN_NON_LITERAL_NULL_CONVERSION = YES;
				CLANG_WARN_OBJC_IMPLICIT_RETAIN_SELF = YES;
				CLANG_WARN_OBJC_LITERAL_CONVERSION = YES;
				CLANG_WARN_OBJC_ROOT_CLASS = YES_ERROR;
				CLANG_WARN_QUOTED_INCLUDE_IN_FRAMEWORK_HEADER = YES;
				CLANG_WARN_RANGE_LOOP_ANALYSIS = YES;
				CLANG_WARN_STRICT_PROTOTYPES = YES;
				CLANG_WARN_SUSPICIOUS_MOVE = YES;
				CLANG_WARN_UNGUARDED_AVAILABILITY = YES_AGGRESSIVE;
				CLANG_WARN_UNREACHABLE_CODE = YES;
				CLANG_WARN__DUPLICATE_METHOD_MATCH = YES;
				COPY_PHASE_STRIP = NO;
				DEBUG_INFORMATION_FORMAT = "dwarf-with-dsym";
				ENABLE_NS_ASSERTIONS = NO;
				ENABLE_STRICT_OBJC_MSGSEND = YES;
				GCC_C_LANGUAGE_STANDARD = gnu11;
				GCC_NO_COMMON_BLOCKS = YES;
				GCC_WARN_64_TO_32_BIT_CONVERSION = YES;
				GCC_WARN_ABOUT_RETURN_TYPE = YES_ERROR;
				GCC_WARN_UNDECLARED_SELECTOR = YES;
				GCC_WARN_UNINITIALIZED_AUTOS = YES_AGGRESSIVE;
				GCC_WARN_UNUSED_FUNCTION = YES;
				GCC_WARN_UNUSED_VARIABLE = YES;
				IPHONEOS_DEPLOYMENT_TARGET = 15.0;
				MTL_ENABLE_DEBUG_INFO = NO;
				MTL_FAST_MATH = YES;
				SDKROOT = iphoneos;
				SWIFT_COMPILATION_MODE = wholemodule;
				SWIFT_OPTIMIZATION_LEVEL = "-O";
				VALIDATE_PRODUCT = YES;
			};
			name = Release;
		};
		2D5A8C9E26DCF871002C7DAF /* Debug */ = {
			isa = XCBuildConfiguration;
			buildSettings = {
				ASSETCATALOG_COMPILER_APPICON_NAME = AppIcon;
				ASSETCATALOG_COMPILER_GLOBAL_ACCENT_COLOR_NAME = AccentColor;
				CODE_SIGN_STYLE = Automatic;
				CURRENT_PROJECT_VERSION = 1;
				DEVELOPMENT_ASSET_PATHS = "\"lottie demo/Preview Content\"";
				DEVELOPMENT_TEAM = YQ3FVUF368;
				ENABLE_PREVIEWS = YES;
				GENERATE_INFOPLIST_FILE = YES;
				INFOPLIST_KEY_UIApplicationSceneManifest_Generation = YES;
				INFOPLIST_KEY_UIApplicationSupportsIndirectInputEvents = YES;
				INFOPLIST_KEY_UILaunchScreen_Generation = YES;
				INFOPLIST_KEY_UISupportedInterfaceOrientations_iPad = "UIInterfaceOrientationPortrait UIInterfaceOrientationPortraitUpsideDown UIInterfaceOrientationLandscapeLeft UIInterfaceOrientationLandscapeRight";
				INFOPLIST_KEY_UISupportedInterfaceOrientations_iPhone = "UIInterfaceOrientationPortrait UIInterfaceOrientationLandscapeLeft UIInterfaceOrientationLandscapeRight";
				IPHONEOS_DEPLOYMENT_TARGET = 14.0;
				LD_RUNPATH_SEARCH_PATHS = (
					"$(inherited)",
					"@executable_path/Frameworks",
				);
				MARKETING_VERSION = 1.0;
				PRODUCT_BUNDLE_IDENTIFIER = "com.oz.lottie-demo";
				PRODUCT_NAME = "$(TARGET_NAME)";
				SWIFT_EMIT_LOC_STRINGS = YES;
				SWIFT_VERSION = 5.0;
				TARGETED_DEVICE_FAMILY = "1,2";
			};
			name = Debug;
		};
		2D5A8C9F26DCF871002C7DAF /* Release */ = {
			isa = XCBuildConfiguration;
			buildSettings = {
				ASSETCATALOG_COMPILER_APPICON_NAME = AppIcon;
				ASSETCATALOG_COMPILER_GLOBAL_ACCENT_COLOR_NAME = AccentColor;
				CODE_SIGN_STYLE = Automatic;
				CURRENT_PROJECT_VERSION = 1;
				DEVELOPMENT_ASSET_PATHS = "\"lottie demo/Preview Content\"";
				DEVELOPMENT_TEAM = YQ3FVUF368;
				ENABLE_PREVIEWS = YES;
				GENERATE_INFOPLIST_FILE = YES;
				INFOPLIST_KEY_UIApplicationSceneManifest_Generation = YES;
				INFOPLIST_KEY_UIApplicationSupportsIndirectInputEvents = YES;
				INFOPLIST_KEY_UILaunchScreen_Generation = YES;
				INFOPLIST_KEY_UISupportedInterfaceOrientations_iPad = "UIInterfaceOrientationPortrait UIInterfaceOrientationPortraitUpsideDown UIInterfaceOrientationLandscapeLeft UIInterfaceOrientationLandscapeRight";
				INFOPLIST_KEY_UISupportedInterfaceOrientations_iPhone = "UIInterfaceOrientationPortrait UIInterfaceOrientationLandscapeLeft UIInterfaceOrientationLandscapeRight";
				IPHONEOS_DEPLOYMENT_TARGET = 14.0;
				LD_RUNPATH_SEARCH_PATHS = (
					"$(inherited)",
					"@executable_path/Frameworks",
				);
				MARKETING_VERSION = 1.0;
				PRODUCT_BUNDLE_IDENTIFIER = "com.oz.lottie-demo";
				PRODUCT_NAME = "$(TARGET_NAME)";
				SWIFT_EMIT_LOC_STRINGS = YES;
				SWIFT_VERSION = 5.0;
				TARGETED_DEVICE_FAMILY = "1,2";
			};
			name = Release;
		};
/* End XCBuildConfiguration section */

/* Begin XCConfigurationList section */
		2D5A8C8A26DCF870002C7DAF /* Build configuration list for PBXProject "lottie demo" */ = {
			isa = XCConfigurationList;
			buildConfigurations = (
				2D5A8C9B26DCF871002C7DAF /* Debug */,
				2D5A8C9C26DCF871002C7DAF /* Release */,
			);
			defaultConfigurationIsVisible = 0;
			defaultConfigurationName = Release;
		};
		2D5A8C9D26DCF871002C7DAF /* Build configuration list for PBXNativeTarget "lottie demo" */ = {
			isa = XCConfigurationList;
			buildConfigurations = (
				2D5A8C9E26DCF871002C7DAF /* Debug */,
				2D5A8C9F26DCF871002C7DAF /* Release */,
			);
			defaultConfigurationIsVisible = 0;
			defaultConfigurationName = Release;
		};
/* End XCConfigurationList section */

/* Begin XCRemoteSwiftPackageReference section */
		2D5A8CA026DCF891002C7DAF /* XCRemoteSwiftPackageReference "lottie-ios" */ = {
			isa = XCRemoteSwiftPackageReference;
			repositoryURL = "https://github.com/airbnb/lottie-ios";
			requirement = {
				branch = master;
				kind = branch;
			};
		};
/* End XCRemoteSwiftPackageReference section */

/* Begin XCSwiftPackageProductDependency section */
		2D5A8CA126DCF891002C7DAF /* Lottie */ = {
			isa = XCSwiftPackageProductDependency;
			package = 2D5A8CA026DCF891002C7DAF /* XCRemoteSwiftPackageReference "lottie-ios" */;
			productName = Lottie;
		};
/* End XCSwiftPackageProductDependency section */
	};
	rootObject = 2D5A8C8726DCF870002C7DAF /* Project object */;
}
